
Microsoft Visual Studio Solution File, Format Version 11.00
# Visual Studio 2010
Project("{FAE04EC0-301F-11D3-BF4B-00C04F79EFBC}") = "FlockingScripts", "FlockingScripts.csproj", "{81e45dd5-5668-e9f6-c829-5eecbf3342d8}"
EndProject
Project("{FAE04EC0-301F-11D3-BF4B-00C04F79EFBC}") = "Assembly-CSharp", "Assembly-CSharp.csproj", "{941d4e6d-35cf-f89c-413b-15131788267f}"
EndProject
Project("{FAE04EC0-301F-11D3-BF4B-00C04F79EFBC}") = "NewAssembly", "NewAssembly.csproj", "{c68017b7-3527-477c-7ed9-1bf803812282}"
EndProject
Project("{FAE04EC0-301F-11D3-BF4B-00C04F79EFBC}") = "PlayMode", "PlayMode.csproj", "{da7ce38c-6145-ba9e-a7ea-192a13f18c0d}"
EndProject
Global
	GlobalSection(SolutionConfigurationPlatforms) = preSolution
		Debug|Any CPU = Debug|Any CPU
	EndGlobalSection
	GlobalSection(ProjectConfigurationPlatforms) = postSolution
		{81e45dd5-5668-e9f6-c829-5eecbf3342d8}.Debug|Any CPU.ActiveCfg = Debug|Any CPU
		{81e45dd5-5668-e9f6-c829-5eecbf3342d8}.Debug|Any CPU.Build.0 = Debug|Any CPU
		{941d4e6d-35cf-f89c-413b-15131788267f}.Debug|Any CPU.ActiveCfg = Debug|Any CPU
		{941d4e6d-35cf-f89c-413b-15131788267f}.Debug|Any CPU.Build.0 = Debug|Any CPU
		{c68017b7-3527-477c-7ed9-1bf803812282}.Debug|Any CPU.ActiveCfg = Debug|Any CPU
		{c68017b7-3527-477c-7ed9-1bf803812282}.Debug|Any CPU.Build.0 = Debug|Any CPU
		{da7ce38c-6145-ba9e-a7ea-192a13f18c0d}.Debug|Any CPU.ActiveCfg = Debug|Any CPU
		{da7ce38c-6145-ba9e-a7ea-192a13f18c0d}.Debug|Any CPU.Build.0 = Debug|Any CPU
	EndGlobalSection
	GlobalSection(SolutionProperties) = preSolution
		HideSolutionNode = FALSE
	EndGlobalSection
EndGlobal
